// !$*UTF8*$!
{
	archiveVersion = 1;
	classes = {
	};
	objectVersion = 50;
	objects = {

/* Begin PBXBuildFile section */
		3FC95D032526D6CF00020CD7 /* AppDelegate.swift in Sources */ = {isa = PBXBuildFile; fileRef = 3FC95D022526D6CF00020CD7 /* AppDelegate.swift */; };
		3FC95D052526D6CF00020CD7 /* SceneDelegate.swift in Sources */ = {isa = PBXBuildFile; fileRef = 3FC95D042526D6CF00020CD7 /* SceneDelegate.swift */; };
		3FC95D072526D6CF00020CD7 /* ViewController.swift in Sources */ = {isa = PBXBuildFile; fileRef = 3FC95D062526D6CF00020CD7 /* ViewController.swift */; };
		3FC95D0A2526D6CF00020CD7 /* Main.storyboard in Resources */ = {isa = PBXBuildFile; fileRef = 3FC95D082526D6CF00020CD7 /* Main.storyboard */; };
		3FC95D0C2526D6D000020CD7 /* Assets.xcassets in Resources */ = {isa = PBXBuildFile; fileRef = 3FC95D0B2526D6D000020CD7 /* Assets.xcassets */; };
		3FC95D0F2526D6D000020CD7 /* LaunchScreen.storyboard in Resources */ = {isa = PBXBuildFile; fileRef = 3FC95D0D2526D6D000020CD7 /* LaunchScreen.storyboard */; };
		3FC95D172526D6F900020CD7 /* Component.swift in Sources */ = {isa = PBXBuildFile; fileRef = 3FC95D162526D6F900020CD7 /* Component.swift */; };
/* End PBXBuildFile section */

/* Begin PBXFileReference section */
		3FC95CFF2526D6CF00020CD7 /* swift-sdui.app */ = {isa = PBXFileReference; explicitFileType = wrapper.application; includeInIndex = 0; path = "swift-sdui.app"; sourceTree = BUILT_PRODUCTS_DIR; };
		3FC95D022526D6CF00020CD7 /* AppDelegate.swift */ = {isa = PBXFileReference; lastKnownFileType = sourcecode.swift; path = AppDelegate.swift; sourceTree = "<group>"; };
		3FC95D042526D6CF00020CD7 /* SceneDelegate.swift */ = {isa = PBXFileReference; lastKnownFileType = sourcecode.swift; path = SceneDelegate.swift; sourceTree = "<group>"; };
		3FC95D062526D6CF00020CD7 /* ViewController.swift */ = {isa = PBXFileReference; lastKnownFileType = sourcecode.swift; path = ViewController.swift; sourceTree = "<group>"; };
		3FC95D092526D6CF00020CD7 /* Base */ = {isa = PBXFileReference; lastKnownFileType = file.storyboard; name = Base; path = Base.lproj/Main.storyboard; sourceTree = "<group>"; };
		3FC95D0B2526D6D000020CD7 /* Assets.xcassets */ = {isa = PBXFileReference; lastKnownFileType = folder.assetcatalog; path = Assets.xcassets; sourceTree = "<group>"; };
		3FC95D0E2526D6D000020CD7 /* Base */ = {isa = PBXFileReference; lastKnownFileType = file.storyboard; name = Base; path = Base.lproj/LaunchScreen.storyboard; sourceTree = "<group>"; };
		3FC95D102526D6D000020CD7 /* Info.plist */ = {isa = PBXFileReference; lastKnownFileType = text.plist.xml; path = Info.plist; sourceTree = "<group>"; };
		3FC95D162526D6F900020CD7 /* Component.swift */ = {isa = PBXFileReference; lastKnownFileType = sourcecode.swift; path = Component.swift; sourceTree = "<group>"; };
/* End PBXFileReference section */

/* Begin PBXFrameworksBuildPhase section */
		3FC95CFC2526D6CF00020CD7 /* Frameworks */ = {
			isa = PBXFrameworksBuildPhase;
			buildActionMask = 2147483647;
			files = (
			);
			runOnlyForDeploymentPostprocessing = 0;
		};
/* End PBXFrameworksBuildPhase section */

/* Begin PBXGroup section */
		3FC95CF62526D6CF00020CD7 = {
			isa = PBXGroup;
			children = (
				3FC95D012526D6CF00020CD7 /* swift-sdui */,
				3FC95D002526D6CF00020CD7 /* Products */,
			);
			sourceTree = "<group>";
		};
		3FC95D002526D6CF00020CD7 /* Products */ = {
			isa = PBXGroup;
			children = (
				3FC95CFF2526D6CF00020CD7 /* swift-sdui.app */,
			);
			name = Products;
			sourceTree = "<group>";
		};
		3FC95D012526D6CF00020CD7 /* swift-sdui */ = {
			isa = PBXGroup;
			children = (
				3FC95D022526D6CF00020CD7 /* AppDelegate.swift */,
				3FC95D042526D6CF00020CD7 /* SceneDelegate.swift */,
				3FC95D062526D6CF00020CD7 /* ViewController.swift */,
				3FC95D082526D6CF00020CD7 /* Main.storyboard */,
				3FC95D0B2526D6D000020CD7 /* Assets.xcassets */,
				3FC95D0D2526D6D000020CD7 /* LaunchScreen.storyboard */,
				3FC95D102526D6D000020CD7 /* Info.plist */,
				3FC95D162526D6F900020CD7 /* Component.swift */,
			);
			path = "swift-sdui";
			sourceTree = "<group>";
		};
/* End PBXGroup section */

/* Begin PBXNativeTarget section */
		3FC95CFE2526D6CF00020CD7 /* swift-sdui */ = {
			isa = PBXNativeTarget;
			buildConfigurationList = 3FC95D132526D6D000020CD7 /* Build configuration list for PBXNativeTarget "swift-sdui" */;
			buildPhases = (
				3FC95CFB2526D6CF00020CD7 /* Sources */,
				3FC95CFC2526D6CF00020CD7 /* Frameworks */,
				3FC95CFD2526D6CF00020CD7 /* Resources */,
			);
			buildRules = (
			);
			dependencies = (
			);
			name = "swift-sdui";
			productName = "swift-sdui";
			productReference = 3FC95CFF2526D6CF00020CD7 /* swift-sdui.app */;
			productType = "com.apple.product-type.application";
		};
/* End PBXNativeTarget section */

/* Begin PBXProject section */
		3FC95CF72526D6CF00020CD7 /* Project object */ = {
			isa = PBXProject;
			attributes = {
				LastSwiftUpdateCheck = 1130;
				LastUpgradeCheck = 1130;
				ORGANIZATIONNAME = Adobe;
				TargetAttributes = {
					3FC95CFE2526D6CF00020CD7 = {
						CreatedOnToolsVersion = 11.3.1;
					};
				};
			};
			buildConfigurationList = 3FC95CFA2526D6CF00020CD7 /* Build configuration list for PBXProject "swift-sdui" */;
			compatibilityVersion = "Xcode 9.3";
			developmentRegion = en;
			hasScannedForEncodings = 0;
			knownRegions = (
				en,
				Base,
			);
			mainGroup = 3FC95CF62526D6CF00020CD7;
			productRefGroup = 3FC95D002526D6CF00020CD7 /* Products */;
			projectDirPath = "";
			projectRoot = "";
			targets = (
				3FC95CFE2526D6CF00020CD7 /* swift-sdui */,
			);
		};
/* End PBXProject section */

/* Begin PBXResourcesBuildPhase section */
		3FC95CFD2526D6CF00020CD7 /* Resources */ = {
			isa = PBXResourcesBuildPhase;
			buildActionMask = 2147483647;
			files = (
				3FC95D0F2526D6D000020CD7 /* LaunchScreen.storyboard in Resources */,
				3FC95D0C2526D6D000020CD7 /* Assets.xcassets in Resources */,
				3FC95D0A2526D6CF00020CD7 /* Main.storyboard in Resources */,
			);
			runOnlyForDeploymentPostprocessing = 0;
		};
/* End PBXResourcesBuildPhase section */

/* Begin PBXSourcesBuildPhase section */
		3FC95CFB2526D6CF00020CD7 /* Sources */ = {
			isa = PBXSourcesBuildPhase;
			buildActionMask = 2147483647;
			files = (
				3FC95D072526D6CF00020CD7 /* ViewController.swift in Sources */,
				3FC95D172526D6F900020CD7 /* Component.swift in Sources */,
				3FC95D032526D6CF00020CD7 /* AppDelegate.swift in Sources */,
				3FC95D052526D6CF00020CD7 /* SceneDelegate.swift in Sources */,
			);
			runOnlyForDeploymentPostprocessing = 0;
		};
/* End PBXSourcesBuildPhase section */

/* Begin PBXVariantGroup section */
		3FC95D082526D6CF00020CD7 /* Main.storyboard */ = {
			isa = PBXVariantGroup;
			children = (
				3FC95D092526D6CF00020CD7 /* Base */,
			);
			name = Main.storyboard;
			sourceTree = "<group>";
		};
		3FC95D0D2526D6D000020CD7 /* LaunchScreen.storyboard */ = {
			isa = PBXVariantGroup;
			children = (
				3FC95D0E2526D6D000020CD7 /* Base */,
			);
			name = LaunchScreen.storyboard;
			sourceTree = "<group>";
		};
/* End PBXVariantGroup section */

/* Begin XCBuildConfiguration section */
		3FC95D112526D6D000020CD7 /* Debug */ = {
			isa = XCBuildConfiguration;
			buildSettings = {
				ALWAYS_SEARCH_USER_PATHS = NO;
				CLANG_ANALYZER_NONNULL = YES;
				CLANG_ANALYZER_NUMBER_OBJECT_CONVERSION = YES_AGGRESSIVE;
				CLANG_CXX_LANGUAGE_STANDARD = "gnu++14";
				CLANG_CXX_LIBRARY = "libc++";
				CLANG_ENABLE_MODULES = YES;
				CLANG_ENABLE_OBJC_ARC = YES;
				CLANG_ENABLE_OBJC_WEAK = YES;
				CLANG_WARN_BLOCK_CAPTURE_AUTORELEASING = YES;
				CLANG_WARN_BOOL_CONVERSION = YES;
				CLANG_WARN_COMMA = YES;
				CLANG_WARN_CONSTANT_CONVERSION = YES;
				CLANG_WARN_DEPRECATED_OBJC_IMPLEMENTATIONS = YES;
				CLANG_WARN_DIRECT_OBJC_ISA_USAGE = YES_ERROR;
				CLANG_WARN_DOCUMENTATION_COMMENTS = YES;
				CLANG_WARN_EMPTY_BODY = YES;
				CLANG_WARN_ENUM_CONVERSION = YES;
				CLANG_WARN_INFINITE_RECURSION = YES;
				CLANG_WARN_INT_CONVERSION = YES;
				CLANG_WARN_NON_LITERAL_NULL_CONVERSION = YES;
				CLANG_WARN_OBJC_IMPLICIT_RETAIN_SELF = YES;
				CLANG_WARN_OBJC_LITERAL_CONVERSION = YES;
				CLANG_WARN_OBJC_ROOT_CLASS = YES_ERROR;
				CLANG_WARN_RANGE_LOOP_ANALYSIS = YES;
				CLANG_WARN_STRICT_PROTOTYPES = YES;
				CLANG_WARN_SUSPICIOUS_MOVE = YES;
				CLANG_WARN_UNGUARDED_AVAILABILITY = YES_AGGRESSIVE;
				CLANG_WARN_UNREACHABLE_CODE = YES;
				CLANG_WARN__DUPLICATE_METHOD_MATCH = YES;
				COPY_PHASE_STRIP = NO;
				DEBUG_INFORMATION_FORMAT = dwarf;
				ENABLE_STRICT_OBJC_MSGSEND = YES;
				ENABLE_TESTABILITY = YES;
				GCC_C_LANGUAGE_STANDARD = gnu11;
				GCC_DYNAMIC_NO_PIC = NO;
				GCC_NO_COMMON_BLOCKS = YES;
				GCC_OPTIMIZATION_LEVEL = 0;
				GCC_PREPROCESSOR_DEFINITIONS = (
					"DEBUG=1",
					"$(inherited)",
				);
				GCC_WARN_64_TO_32_BIT_CONVERSION = YES;
				GCC_WARN_ABOUT_RETURN_TYPE = YES_ERROR;
				GCC_WARN_UNDECLARED_SELECTOR = YES;
				GCC_WARN_UNINITIALIZED_AUTOS = YES_AGGRESSIVE;
				GCC_WARN_UNUSED_FUNCTION = YES;
				GCC_WARN_UNUSED_VARIABLE = YES;
				IPHONEOS_DEPLOYMENT_TARGET = 13.2;
				MTL_ENABLE_DEBUG_INFO = INCLUDE_SOURCE;
				MTL_FAST_MATH = YES;
				ONLY_ACTIVE_ARCH = YES;
				SDKROOT = iphoneos;
				SWIFT_ACTIVE_COMPILATION_CONDITIONS = DEBUG;
				SWIFT_OPTIMIZATION_LEVEL = "-Onone";
			};
			name = Debug;
		};
		3FC95D122526D6D000020CD7 /* Release */ = {
			isa = XCBuildConfiguration;
			buildSettings = {
				ALWAYS_SEARCH_USER_PATHS = NO;
				CLANG_ANALYZER_NONNULL = YES;
				CLANG_ANALYZER_NUMBER_OBJECT_CONVERSION = YES_AGGRESSIVE;
				CLANG_CXX_LANGUAGE_STANDARD = "gnu++14";
				CLANG_CXX_LIBRARY = "libc++";
				CLANG_ENABLE_MODULES = YES;
				CLANG_ENABLE_OBJC_ARC = YES;
				CLANG_ENABLE_OBJC_WEAK = YES;
				CLANG_WARN_BLOCK_CAPTURE_AUTORELEASING = YES;
				CLANG_WARN_BOOL_CONVERSION = YES;
				CLANG_WARN_COMMA = YES;
				CLANG_WARN_CONSTANT_CONVERSION = YES;
				CLANG_WARN_DEPRECATED_OBJC_IMPLEMENTATIONS = YES;
				CLANG_WARN_DIRECT_OBJC_ISA_USAGE = YES_ERROR;
				CLANG_WARN_DOCUMENTATION_COMMENTS = YES;
				CLANG_WARN_EMPTY_BODY = YES;
				CLANG_WARN_ENUM_CONVERSION = YES;
				CLANG_WARN_INFINITE_RECURSION = YES;
				CLANG_WARN_INT_CONVERSION = YES;
				CLANG_WARN_NON_LITERAL_NULL_CONVERSION = YES;
				CLANG_WARN_OBJC_IMPLICIT_RETAIN_SELF = YES;
				CLANG_WARN_OBJC_LITERAL_CONVERSION = YES;
				CLANG_WARN_OBJC_ROOT_CLASS = YES_ERROR;
				CLANG_WARN_RANGE_LOOP_ANALYSIS = YES;
				CLANG_WARN_STRICT_PROTOTYPES = YES;
				CLANG_WARN_SUSPICIOUS_MOVE = YES;
				CLANG_WARN_UNGUARDED_AVAILABILITY = YES_AGGRESSIVE;
				CLANG_WARN_UNREACHABLE_CODE = YES;
				CLANG_WARN__DUPLICATE_METHOD_MATCH = YES;
				COPY_PHASE_STRIP = NO;
				DEBUG_INFORMATION_FORMAT = "dwarf-with-dsym";
				ENABLE_NS_ASSERTIONS = NO;
				ENABLE_STRICT_OBJC_MSGSEND = YES;
				GCC_C_LANGUAGE_STANDARD = gnu11;
				GCC_NO_COMMON_BLOCKS = YES;
				GCC_WARN_64_TO_32_BIT_CONVERSION = YES;
				GCC_WARN_ABOUT_RETURN_TYPE = YES_ERROR;
				GCC_WARN_UNDECLARED_SELECTOR = YES;
				GCC_WARN_UNINITIALIZED_AUTOS = YES_AGGRESSIVE;
				GCC_WARN_UNUSED_FUNCTION = YES;
				GCC_WARN_UNUSED_VARIABLE = YES;
				IPHONEOS_DEPLOYMENT_TARGET = 13.2;
				MTL_ENABLE_DEBUG_INFO = NO;
				MTL_FAST_MATH = YES;
				SDKROOT = iphoneos;
				SWIFT_COMPILATION_MODE = wholemodule;
				SWIFT_OPTIMIZATION_LEVEL = "-O";
				VALIDATE_PRODUCT = YES;
			};
			name = Release;
		};
		3FC95D142526D6D000020CD7 /* Debug */ = {
			isa = XCBuildConfiguration;
			buildSettings = {
				ASSETCATALOG_COMPILER_APPICON_NAME = AppIcon;
				CODE_SIGN_STYLE = Automatic;
				INFOPLIST_FILE = "swift-sdui/Info.plist";
				LD_RUNPATH_SEARCH_PATHS = (
					"$(inherited)",
					"@executable_path/Frameworks",
				);
				PRODUCT_BUNDLE_IDENTIFIER = "com.adobe.mobile.swift-sdui";
				PRODUCT_NAME = "$(TARGET_NAME)";
				SWIFT_VERSION = 5.0;
				TARGETED_DEVICE_FAMILY = "1,2";
			};
			name = Debug;
		};
		3FC95D152526D6D000020CD7 /* Release */ = {
			isa = XCBuildConfiguration;
			buildSettings = {
				ASSETCATALOG_COMPILER_APPICON_NAME = AppIcon;
				CODE_SIGN_STYLE = Automatic;
				INFOPLIST_FILE = "swift-sdui/Info.plist";
				LD_RUNPATH_SEARCH_PATHS = (
					"$(inherited)",
					"@executable_path/Frameworks",
				);
				PRODUCT_BUNDLE_IDENTIFIER = "com.adobe.mobile.swift-sdui";
				PRODUCT_NAME = "$(TARGET_NAME)";
				SWIFT_VERSION = 5.0;
				TARGETED_DEVICE_FAMILY = "1,2";
			};
			name = Release;
		};
/* End XCBuildConfiguration section */

/* Begin XCConfigurationList section */
		3FC95CFA2526D6CF00020CD7 /* Build configuration list for PBXProject "swift-sdui" */ = {
			isa = XCConfigurationList;
			buildConfigurations = (
				3FC95D112526D6D000020CD7 /* Debug */,
				3FC95D122526D6D000020CD7 /* Release */,
			);
			defaultConfigurationIsVisible = 0;
			defaultConfigurationName = Release;
		};
		3FC95D132526D6D000020CD7 /* Build configuration list for PBXNativeTarget "swift-sdui" */ = {
			isa = XCConfigurationList;
			buildConfigurations = (
				3FC95D142526D6D000020CD7 /* Debug */,
				3FC95D152526D6D000020CD7 /* Release */,
			);
			defaultConfigurationIsVisible = 0;
			defaultConfigurationName = Release;
		};
/* End XCConfigurationList section */
	};
	rootObject = 3FC95CF72526D6CF00020CD7 /* Project object */;
}
